{
    "_readme": [
        "This file locks the dependencies of your project to a known state",
        "Read more about it at https://getcomposer.org/doc/01-basic-usage.md#composer-lock-the-lock-file",
        "This file is @generated automatically"
    ],
    "content-hash": "e1251c585f095dd1dfef1f73672c2130",
    "packages": [
        {
            "name": "abraham/twitteroauth",
            "version": "0.7.4",
            "source": {
                "type": "git",
                "url": "https://github.com/abraham/twitteroauth.git",
                "reference": "c6f9e692552dd037b2324ed0dfa28a4e60875acf"
            },
            "dist": {
                "type": "zip",
                "url": "https://api.github.com/repos/abraham/twitteroauth/zipball/c6f9e692552dd037b2324ed0dfa28a4e60875acf",
                "reference": "c6f9e692552dd037b2324ed0dfa28a4e60875acf",
                "shasum": ""
            },
            "require": {
                "ext-curl": "*",
                "php": "^5.6 || ^7.0"
            },
            "require-dev": {
                "phpmd/phpmd": "~2.6",
                "phpunit/phpunit": "~5.7",
                "squizlabs/php_codesniffer": "~3.0"
            },
            "type": "library",
            "autoload": {
                "psr-4": {
                    "Abraham\\TwitterOAuth\\": "src"
                }
            },
            "notification-url": "https://packagist.org/downloads/",
            "license": [
                "MIT"
            ],
            "authors": [
                {
                    "name": "Abraham Williams",
                    "email": "abraham@abrah.am",
                    "homepage": "https://abrah.am",
                    "role": "Developer"
                }
            ],
            "description": "The most popular PHP library for use with the Twitter OAuth REST API.",
            "homepage": "https://twitteroauth.com",
            "keywords": [
                "Twitter API",
                "Twitter oAuth",
                "api",
                "oauth",
                "rest",
                "social",
                "twitter"
            ],
            "time": "2017-06-30T22:02:01+00:00"
        },
        {
            "name": "cbschuld/browser.php",
            "version": "dev-master",
            "source": {
                "type": "git",
                "url": "https://github.com/cbschuld/Browser.php.git",
                "reference": "6bde9efb0b14a4917affe741500c29149419e491"
            },
            "dist": {
                "type": "zip",
                "url": "https://api.github.com/repos/cbschuld/Browser.php/zipball/6bde9efb0b14a4917affe741500c29149419e491",
                "reference": "6bde9efb0b14a4917affe741500c29149419e491",
                "shasum": ""
            },
            "type": "library",
            "extra": {
                "branch-alias": {
                    "dev-master": "1.95-dev"
                }
            },
            "autoload": {
                "files": [
                    "lib/Browser.php"
                ]
            },
            "notification-url": "https://packagist.org/downloads/",
            "license": [
                "MIT"
            ],
            "authors": [
                {
                    "name": "Chris Schuld",
                    "email": "chris@chrisschuld.com",
                    "homepage": "http://chrisschuld.com"
                }
            ],
            "description": "A PHP Class to detect a user's Browser",
            "homepage": "http://chrisschuld.com/projects/browser-php-detecting-a-users-browser-from-php.html",
            "keywords": [
                "browser",
                "detection",
                "user agent"
            ],
            "time": "2017-07-31T23:43:17+00:00"
        },
        {
            "name": "joshcam/mysqli-database-class",
            "version": "v2.8",
            "source": {
                "type": "git",
                "url": "https://github.com/joshcam/PHP-MySQLi-Database-Class.git",
                "reference": "3e33abfc8e6d689631249b403b368b91ceda5c14"
            },
            "dist": {
                "type": "zip",
                "url": "https://api.github.com/repos/joshcam/PHP-MySQLi-Database-Class/zipball/3e33abfc8e6d689631249b403b368b91ceda5c14",
                "reference": "3e33abfc8e6d689631249b403b368b91ceda5c14",
                "shasum": ""
            },
            "require": {
                "php": ">=5.3.0"
            },
            "type": "library",
            "autoload": {
                "files": [
                    "MysqliDb.php",
                    "dbObject.php"
                ]
            },
            "notification-url": "https://packagist.org/downloads/",
            "license": [
                "GPL-3.0"
            ],
            "authors": [
                {
                    "name": "Josh Campbell",
                    "email": "josh.lee.campbell@gmail.com",
                    "homepage": "https://github.com/joshcam",
                    "role": "Developer"
                },
                {
                    "name": "Alexander V. Butenko",
                    "email": "a.butenka@gmail.com",
                    "homepage": "http://smarttechdo.com",
                    "role": "Developer"
                }
            ],
            "description": "PHP MySQL Wrapper and object mapper which utilizes MySQLi and prepared statements",
            "time": "2017-08-02T16:08:26+00:00"
        },
        {
            "name": "vectorface/whip",
            "version": "v0.3.2",
            "source": {
                "type": "git",
                "url": "https://github.com/Vectorface/whip.git",
                "reference": "c3cdf71f532c83c3ab512cfa57130dad36fdbc83"
            },
            "dist": {
                "type": "zip",
                "url": "https://api.github.com/repos/Vectorface/whip/zipball/c3cdf71f532c83c3ab512cfa57130dad36fdbc83",
                "reference": "c3cdf71f532c83c3ab512cfa57130dad36fdbc83",
                "shasum": ""
            },
            "require": {
                "php": ">=5.3.0"
            },
            "require-dev": {
                "phpunit/phpunit": "~4.0",
                "psr/http-message": "~1.0",
                "squizlabs/php_codesniffer": "~2.0",
                "vectorface/dunit": "~2.0"
            },
            "type": "library",
            "autoload": {
                "psr-4": {
                    "Vectorface\\Whip\\": "./src",
                    "VectorFace\\Whip\\": "./src",
                    "Vectorface\\WhipTests\\": "./tests"
                }
            },
            "notification-url": "https://packagist.org/downloads/",
            "license": [
                "MIT"
            ],
            "authors": [
                {
                    "name": "Daniel Bruce",
                    "email": "dbruce@vectorface.com",
                    "role": "Developer"
                },
                {
                    "name": "Cory Darby",
                    "email": "ckdarby@vectorface.com",
                    "role": "Developer"
                }
            ],
            "description": "A PHP class for retrieving accurate IP address information for the client.",
            "homepage": "https://github.com/Vectorface/whip",
            "keywords": [
                "IP",
                "cdn",
                "cloudflare"
            ],
            "time": "2017-10-30T14:05:31+00:00"
        }
    ],
    "packages-dev": [],
    "aliases": [],
    "minimum-stability": "stable",
    "stability-flags": {
        "cbschuld/browser.php": 20
    },
    "prefer-stable": false,
    "prefer-lowest": false,
    "platform": [],
    "platform-dev": []
}
